# This file is automatically @generated by Cargo.
# It is not intended for manual editing.
version = 4

[[package]]
name = "aho-corasick"
version = "1.1.4"
source = "registry+https://github.com/rust-lang/crates.io-index"
checksum = "ddd31a130427c27518df266943a5308ed92d4b226cc639f5a8f1002816174301"
dependencies = [
 "memchr",
]

[[package]]
name = "cc"
version = "1.0.106"
source = "registry+https://github.com/rust-lang/crates.io-index"
checksum = "066fce287b1d4eafef758e89e09d724a24808a9196fe9756b8ca90e86d0719a2"

[[package]]
name = "crossbeam-deque"
version = "0.8.6"
source = "registry+https://github.com/rust-lang/crates.io-index"
checksum = "9dd111b7b7f7d55b72c0a6ae361660ee5853c9af73f70c3c2ef6858b950e2e51"
dependencies = [
 "crossbeam-epoch",
 "crossbeam-utils",
]

[[package]]
name = "crossbeam-epoch"
version = "0.9.18"
source = "registry+https://github.com/rust-lang/crates.io-index"
checksum = "5b82ac4a3c2ca9c3460964f020e1402edd5753411d7737aa39c3714ad1b5420e"
dependencies = [
 "crossbeam-utils",
]

[[package]]
name = "crossbeam-utils"
version = "0.8.21"
source = "registry+https://github.com/rust-lang/crates.io-index"
checksum = "d0a5c400df2834b80a4c3327b3aad3a4c4cd4de0629063962b03235697506a28"

[[package]]
name = "either"
version = "1.16.0"
source = "registry+https://github.com/rust-lang/crates.io-index"
checksum = "91622ff5e7162018101f2fea40d6ebf4a78bbe5a49736a2020649edf9693679e"

[[package]]
name = "equivalent"
version = "1.0.2"
source = "registry+https://github.com/rust-lang/crates.io-index"
checksum = "877a4ace8713b0bcf2a4e7eec82529c029f1d0619886d18145fea96c3ffe5c0f"

[[package]]
name = "hashbrown"
version = "0.17.1"
source = "registry+https://github.com/rust-lang/crates.io-index"
checksum = "ed5909b6e89a2db4456e54cd5f673791d7eca6732202bbf2a9cc504fe2f9b84a"

[[package]]
name = "indexmap"
version = "2.14.0"
source = "registry+https://github.com/rust-lang/crates.io-index"
checksum = "d466e9454f08e4a911e14806c24e16fba1b4c121d1ea474396f396069cf949d9"
dependencies = [
 "equivalent",
 "hashbrown",
]

[[package]]
name = "itoa"
version = "1.0.18"
source = "registry+https://github.com/rust-lang/crates.io-index"
checksum = "8f42a60cbdf9a97f5d2305f08a87dc4e09308d1276d28c869c684d7777685682"

[[package]]
name = "memchr"
version = "2.8.2"
source = "registry+https://github.com/rust-lang/crates.io-index"
checksum = "88904434abc2901f197fe8cc55f0445e7ded921dba5911dad2e2b39b48e663c4"

[[package]]
name = "proc-macro2"
version = "1.0.106"
source = "registry+https://github.com/rust-lang/crates.io-index"
checksum = "8fd00f0bb2e90d81d1044c2b32617f68fcb9fa3bb7640c23e9c748e53fb30934"
dependencies = [
 "unicode-ident",
]

[[package]]
name = "quote"
version = "1.0.46"
source = "registry+https://github.com/rust-lang/crates.io-index"
checksum = "dfbc457d0c7a0759a614551b11a6409e5951f6c7537be1f1b7682b9ae9230368"
dependencies = [
 "proc-macro2",
]

[[package]]
name = "rayon"
version = "1.12.0"
source = "registry+https://github.com/rust-lang/crates.io-index"
checksum = "fb39b166781f92d482534ef4b4b1b2568f42613b53e5b6c160e24cfbfa30926d"
dependencies = [
 "either",
 "rayon-core",
]

[[package]]
name = "rayon-core"
version = "1.13.0"
source = "registry+https://github.com/rust-lang/crates.io-index"
checksum = "22e18b0f0062d30d4230b2e85ff77fdfe4326feb054b9783a3460d8435c8ab91"
dependencies = [
 "crossbeam-deque",
 "crossbeam-utils",
]

[[package]]
name = "regex"
version = "1.12.4"
source = "registry+https://github.com/rust-lang/crates.io-index"
checksum = "f1292b7759ae1cb9ec195452d1390a074f0cd8541ab7a5a8c31cd6db45d4a6ba"
dependencies = [
 "aho-corasick",
 "memchr",
 "regex-automata",
 "regex-syntax",
]

[[package]]
name = "regex-automata"
version = "0.4.14"
source = "registry+https://github.com/rust-lang/crates.io-index"
checksum = "6e1dd4122fc1595e8162618945476892eefca7b88c52820e74af6262213cae8f"
dependencies = [
 "aho-corasick",
 "memchr",
 "regex-syntax",
]

[[package]]
name = "regex-syntax"
version = "0.8.11"
source = "registry+https://github.com/rust-lang/crates.io-index"
checksum = "d6f6ff9a378485b298a5286656da665ba74413d36db0979633275d2e708145d4"

[[package]]
name = "ryu"
version = "1.0.23"
source = "registry+https://github.com/rust-lang/crates.io-index"
checksum = "9774ba4a74de5f7b1c1451ed6cd5285a32eddb5cccb8cc655a4e50009e06477f"

[[package]]
name = "serde"
version = "1.0.228"
source = "registry+https://github.com/rust-lang/crates.io-index"
checksum = "9a8e94ea7f378bd32cbbd37198a4a91436180c5bb472411e48b5ec2e2124ae9e"
dependencies = [
 "serde_core",
 "serde_derive",
]

[[package]]
name = "serde_core"
version = "1.0.228"
source = "registry+https://github.com/rust-lang/crates.io-index"
checksum = "41d385c7d4ca58e59fc732af25c3983b67ac852c1a25000afe1175de458b67ad"
dependencies = [
 "serde_derive",
]

[[package]]
name = "serde_derive"
version = "1.0.228"
source = "registry+https://github.com/rust-lang/crates.io-index"
checksum = "d540f220d3187173da220f885ab66608367b6574e925011a9353e4badda91d79"
dependencies = [
 "proc-macro2",
 "quote",
 "syn",
]

[[package]]
name = "serde_json"
version = "1.0.150"
source = "registry+https://github.com/rust-lang/crates.io-index"
checksum = "e8014e44b4736ed0538adeecded0fce2a272f22dc9578a7eb6b2d9993c74cfb9"
dependencies = [
 "itoa",
 "memchr",
 "serde",
 "serde_core",
 "zmij",
]

[[package]]
name = "serde_spanned"
version = "0.6.9"
source = "registry+https://github.com/rust-lang/crates.io-index"
checksum = "bf41e0cfaf7226dca15e8197172c295a782857fcb97fad1808a166870dee75a3"
dependencies = [
 "serde",
]

[[package]]
name = "serde_yaml"
version = "0.9.34+deprecated"
source = "registry+https://github.com/rust-lang/crates.io-index"
checksum = "6a8b1a1a2ebf674015cc02edccce75287f1a0130d394307b36743c2f5d504b47"
dependencies = [
 "indexmap",
 "itoa",
 "ryu",
 "serde",
 "unsafe-libyaml",
]

[[package]]
name = "syn"
version = "2.0.118"
source = "registry+https://github.com/rust-lang/crates.io-index"
checksum = "1b9ae57f904213ebb649ce6895b8a66c66f0203b9319718f69a5612a065b1422"
dependencies = [
 "proc-macro2",
 "quote",
 "unicode-ident",
]

[[package]]
name = "toml"
version = "0.7.8"
source = "registry+https://github.com/rust-lang/crates.io-index"
checksum = "dd79e69d3b627db300ff956027cc6c3798cef26d22526befdfcd12feeb6d2257"
dependencies = [
 "serde",
 "serde_spanned",
 "toml_datetime",
 "toml_edit",
]

[[package]]
name = "toml_datetime"
version = "0.6.11"
source = "registry+https://github.com/rust-lang/crates.io-index"
checksum = "22cddaf88f4fbc13c51aebbf5f8eceb5c7c5a9da2ac40a13519eb5b0a0e8f11c"
dependencies = [
 "serde",
]

[[package]]
name = "toml_edit"
version = "0.19.15"
source = "registry+https://github.com/rust-lang/crates.io-index"
checksum = "1b5bb770da30e5cbfde35a2d7b9b8a2c4b8ef89548a7a6aeab5c9a576e3e7421"
dependencies = [
 "indexmap",
 "serde",
 "serde_spanned",
 "toml_datetime",
 "winnow",
]

[[package]]
name = "tree-sitter"
version = "0.20.10"
source = "registry+https://github.com/rust-lang/crates.io-index"
checksum = "e747b1f9b7b931ed39a548c1fae149101497de3c1fc8d9e18c62c1a66c683d3d"
dependencies = [
 "cc",
 "regex",
]

[[package]]
name = "tree-sitter-java"
version = "0.20.2"
source = "registry+https://github.com/rust-lang/crates.io-index"
checksum = "2adc5696bf5abf761081d7457d2bb82d0e3b28964f4214f63fd7e720ef462653"
dependencies = [
 "cc",
 "tree-sitter",
]

[[package]]
name = "tree-sitter-python"
version = "0.20.4"
source = "registry+https://github.com/rust-lang/crates.io-index"
checksum = "e6c93b1b1fbd0d399db3445f51fd3058e43d0b4dcff62ddbdb46e66550978aa5"
dependencies = [
 "cc",
 "tree-sitter",
]

[[package]]
name = "unicode-ident"
version = "1.0.24"
source = "registry+https://github.com/rust-lang/crates.io-index"
checksum = "e6e4313cd5fcd3dad5cafa179702e2b244f760991f45397d14d4ebf38247da75"

[[package]]
name = "unsafe-libyaml"
version = "0.2.11"
source = "registry+https://github.com/rust-lang/crates.io-index"
checksum = "673aac59facbab8a9007c7f6108d11f63b603f7cabff99fabf650fea5c32b861"

[[package]]
name = "v2-accesspath"
version = "0.1.0"
dependencies = [
 "serde",
 "serde_json",
 "v2-common",
 "v2-ir",
]

[[package]]
name = "v2-alias"
version = "0.1.0"
dependencies = [
 "serde",
 "serde_json",
 "v2-accesspath",
 "v2-callgraph",
 "v2-cfg",
 "v2-common",
 "v2-icfg",
 "v2-ir",
 "v2-pointsto",
 "v2-semantic",
]

[[package]]
name = "v2-benchmarks"
version = "0.1.0"
dependencies = [
 "serde",
 "serde_json",
 "v2-common",
 "v2-context",
 "v2-engine",
 "v2-reporting",
 "v2-rulepacks",
 "v2-rules",
 "v2-workspace",
]

[[package]]
name = "v2-callgraph"
version = "0.1.0"
dependencies = [
 "serde",
 "v2-cfg",
 "v2-common",
 "v2-ir",
 "v2-semantic",
]

[[package]]
name = "v2-cfg"
version = "0.1.0"
dependencies = [
 "serde",
 "v2-common",
 "v2-ir",
]

[[package]]
name = "v2-cli"
version = "0.1.0"
dependencies = [
 "rayon",
 "serde",
 "serde_json",
 "serde_yaml",
 "toml",
 "v2-callgraph",
 "v2-cfg",
 "v2-common",
 "v2-context",
 "v2-engine",
 "v2-frontend-base",
 "v2-frontend-java",
 "v2-frontend-python",
 "v2-ir",
 "v2-parser",
 "v2-reporting",
 "v2-rulepacks",
 "v2-rules",
 "v2-semantic",
 "v2-solver",
 "v2-taint",
 "v2-workspace",
]

[[package]]
name = "v2-common"
version = "0.1.0"
dependencies = [
 "serde",
 "serde_json",
]

[[package]]
name = "v2-context"
version = "0.1.0"
dependencies = [
 "serde",
 "serde_json",
 "v2-alias",
 "v2-callgraph",
 "v2-cfg",
 "v2-common",
 "v2-icfg",
 "v2-ir",
 "v2-rules",
 "v2-solver",
 "v2-taint",
]

[[package]]
name = "v2-engine"
version = "0.1.0"
dependencies = [
 "rayon",
 "serde",
 "serde_json",
 "v2-alias",
 "v2-callgraph",
 "v2-cfg",
 "v2-common",
 "v2-context",
 "v2-frontend-base",
 "v2-frontend-java",
 "v2-frontend-python",
 "v2-icfg",
 "v2-ir",
 "v2-parser",
 "v2-reporting",
 "v2-rulepacks",
 "v2-rules",
 "v2-semantic",
 "v2-solver",
 "v2-taint",
 "v2-workspace",
]

[[package]]
name = "v2-frontend-base"
version = "0.1.0"
dependencies = [
 "v2-common",
 "v2-ir",
 "v2-semantic",
]

[[package]]
name = "v2-frontend-java"
version = "0.1.0"
dependencies = [
 "v2-common",
 "v2-frontend-base",
 "v2-ir",
 "v2-semantic",
]

[[package]]
name = "v2-frontend-python"
version = "0.1.0"
dependencies = [
 "v2-common",
 "v2-frontend-base",
 "v2-ir",
 "v2-parser",
 "v2-semantic",
]

[[package]]
name = "v2-icfg"
version = "0.1.0"
dependencies = [
 "serde",
 "serde_json",
 "v2-callgraph",
 "v2-cfg",
 "v2-common",
 "v2-ir",
 "v2-semantic",
]

[[package]]
name = "v2-ir"
version = "0.1.0"
dependencies = [
 "serde",
 "serde_json",
 "v2-common",
]

[[package]]
name = "v2-parser"
version = "0.1.0"
dependencies = [
 "serde",
 "tree-sitter",
 "tree-sitter-java",
 "tree-sitter-python",
 "v2-common",
]

[[package]]
name = "v2-pointsto"
version = "0.1.0"
dependencies = [
 "serde",
 "serde_json",
 "v2-accesspath",
 "v2-common",
 "v2-ir",
]

[[package]]
name = "v2-reporting"
version = "0.1.0"
dependencies = [
 "serde",
 "serde_json",
 "v2-common",
 "v2-ir",
 "v2-rules",
]

[[package]]
name = "v2-rulepacks"
version = "0.1.0"
dependencies = [
 "serde",
 "serde_json",
 "v2-rules",
]

[[package]]
name = "v2-rules"
version = "0.1.0"
dependencies = [
 "serde",
 "serde_json",
 "v2-common",
]

[[package]]
name = "v2-scheduler"
version = "0.1.0"
dependencies = [
 "rayon",
 "serde",
 "serde_json",
 "v2-callgraph",
 "v2-cfg",
 "v2-common",
 "v2-icfg",
 "v2-ir",
 "v2-parser",
 "v2-semantic",
 "v2-solver",
]

[[package]]
name = "v2-semantic"
version = "0.1.0"
dependencies = [
 "serde",
 "v2-common",
 "v2-ir",
 "v2-parser",
]

[[package]]
name = "v2-solver"
version = "0.1.0"
dependencies = [
 "serde",
 "serde_json",
 "v2-cfg",
 "v2-common",
 "v2-icfg",
 "v2-ir",
]

[[package]]
name = "v2-taint"
version = "0.1.0"
dependencies = [
 "serde",
 "serde_json",
 "v2-accesspath",
 "v2-alias",
 "v2-callgraph",
 "v2-cfg",
 "v2-common",
 "v2-icfg",
 "v2-ir",
 "v2-pointsto",
 "v2-rules",
 "v2-semantic",
 "v2-solver",
]

[[package]]
name = "v2-validation"
version = "0.1.0"
dependencies = [
 "serde",
 "serde_json",
 "v2-common",
 "v2-context",
 "v2-engine",
 "v2-frontend-base",
 "v2-frontend-java",
 "v2-ir",
 "v2-reporting",
 "v2-rulepacks",
 "v2-rules",
 "v2-semantic",
 "v2-taint",
 "v2-workspace",
]

[[package]]
name = "v2-workspace"
version = "0.1.0"
dependencies = [
 "rayon",
 "serde",
 "serde_json",
 "v2-common",
 "v2-scheduler",
]

[[package]]
name = "winnow"
version = "0.5.40"
source = "registry+https://github.com/rust-lang/crates.io-index"
checksum = "f593a95398737aeed53e489c785df13f3618e41dbcd6718c6addbf1395aa6876"
dependencies = [
 "memchr",
]

[[package]]
name = "zmij"
version = "1.0.21"
source = "registry+https://github.com/rust-lang/crates.io-index"
checksum = "b8848ee67ecc8aedbaf3e4122217aff892639231befc6a1b58d29fff4c2cabaa"
